
Microsoft Visual Studio Solution File, Format Version 12.00
# Visual Studio Version 16
VisualStudioVersion = 16.0.31205.134
MinimumVisualStudioVersion = 10.0.40219.1
Project("{FAE04EC0-301F-11D3-BF4B-00C04F79EFBC}") = "CriadoresCaes_tA_B", "CriadoresCaes_tA_B\CriadoresCaes_tA_B.csproj", "{1E25D48A-230C-469A-A1FD-F39133337E51}"
EndProject
Global
	GlobalSection(SolutionConfigurationPlatforms) = preSolution
		Debug|Any CPU = Debug|Any CPU
		Release|Any CPU = Release|Any CPU
	EndGlobalSection
	GlobalSection(ProjectConfigurationPlatforms) = postSolution
		{1E25D48A-230C-469A-A1FD-F39133337E51}.Debug|Any CPU.ActiveCfg = Debug|Any CPU
		{1E25D48A-230C-469A-A1FD-F39133337E51}.Debug|Any CPU.Build.0 = Debug|Any CPU
		{1E25D48A-230C-469A-A1FD-F39133337E51}.Release|Any CPU.ActiveCfg = Release|Any CPU
		{1E25D48A-230C-469A-A1FD-F39133337E51}.Release|Any CPU.Build.0 = Release|Any CPU
	EndGlobalSection
	GlobalSection(SolutionProperties) = preSolution
		HideSolutionNode = FALSE
	EndGlobalSection
	GlobalSection(ExtensibilityGlobals) = postSolution
		SolutionGuid = {BCACD81E-13ED-4F68-9379-455C3061D438}
	EndGlobalSection
EndGlobal
